PODS:
  - FDFullscreenPopGesture (1.1)
  - Masonry (1.0.1)
  - SDWebImage (3.8.2):
    - SDWebImage/Core (= 3.8.2)
  - SDWebImage/Core (3.8.2)
  - WHCNetWorkKit (0.0.3):
    - WHCNetWorkKit/NSURLConnection (= 0.0.3)
    - WHCNetWorkKit/NSURLSession (= 0.0.3)
    - WHCNetWorkKit/Reachability (= 0.0.3)
    - WHCNetWorkKit/UIKit (= 0.0.3)
    - WHCNetWorkKit/UtillKit (= 0.0.3)
  - WHCNetWorkKit/NSURLConnection (0.0.3):
    - WHCNetWorkKit/Reachability
  - WHCNetWorkKit/NSURLSession (0.0.3):
    - WHCNetWorkKit/NSURLConnection
  - WHCNetWorkKit/Reachability (0.0.3)
  - WHCNetWorkKit/UIKit (0.0.3):
    - WHCNetWorkKit/NSURLConnection
  - WHCNetWorkKit/UtillKit (0.0.3)

DEPENDENCIES:
  - FDFullscreenPopGesture
  - Masonry
  - SDWebImage
  - WHCNetWorkKit

SPEC CHECKSUMS:
  FDFullscreenPopGesture: a8a620179e3d9c40e8e00256dcee1c1a27c6d0f0
  Masonry: a1a931a0d08870ed8ae415a2ea5ea68ebcac77df
  SDWebImage: 098e97e6176540799c27e804c96653ee0833d13c
  WHCNetWorkKit: 169c27c8b8008e8f8d679277929777083a2379b9

COCOAPODS: 0.39.0
