// !$*UTF8*$!
{
	archiveVersion = 1;
	classes = {
	};
	objectVersion = 46;
	objects = {

/* Begin PBXBuildFile section */
		2D5CB0A71997827B00D7CB0A /* Foundation.framework in Frameworks */ = {isa = PBXBuildFile; fileRef = 2D5CB0A61997827B00D7CB0A /* Foundation.framework */; };
		2D5CB0A91997827B00D7CB0A /* CoreGraphics.framework in Frameworks */ = {isa = PBXBuildFile; fileRef = 2D5CB0A81997827B00D7CB0A /* CoreGraphics.framework */; };
		2D5CB0AB1997827B00D7CB0A /* UIKit.framework in Frameworks */ = {isa = PBXBuildFile; fileRef = 2D5CB0AA1997827B00D7CB0A /* UIKit.framework */; };
		2D5CB0B11997827B00D7CB0A /* InfoPlist.strings in Resources */ = {isa = PBXBuildFile; fileRef = 2D5CB0AF1997827B00D7CB0A /* InfoPlist.strings */; };
		2D5CB0B31997827B00D7CB0A /* main.m in Sources */ = {isa = PBXBuildFile; fileRef = 2D5CB0B21997827B00D7CB0A /* main.m */; };
		2D5CB0B71997827B00D7CB0A /* MJAppDelegate.m in Sources */ = {isa = PBXBuildFile; fileRef = 2D5CB0B61997827B00D7CB0A /* MJAppDelegate.m */; };
		2D5CB0BA1997827B00D7CB0A /* Main.storyboard in Resources */ = {isa = PBXBuildFile; fileRef = 2D5CB0B81997827B00D7CB0A /* Main.storyboard */; };
		2D5CB0BD1997827B00D7CB0A /* MJViewController.m in Sources */ = {isa = PBXBuildFile; fileRef = 2D5CB0BC1997827B00D7CB0A /* MJViewController.m */; };
		2D5CB0BF1997827B00D7CB0A /* Images.xcassets in Resources */ = {isa = PBXBuildFile; fileRef = 2D5CB0BE1997827B00D7CB0A /* Images.xcassets */; };
		2D5CB0C61997827B00D7CB0A /* XCTest.framework in Frameworks */ = {isa = PBXBuildFile; fileRef = 2D5CB0C51997827B00D7CB0A /* XCTest.framework */; };
		2D5CB0C71997827B00D7CB0A /* Foundation.framework in Frameworks */ = {isa = PBXBuildFile; fileRef = 2D5CB0A61997827B00D7CB0A /* Foundation.framework */; };
		2D5CB0C81997827B00D7CB0A /* UIKit.framework in Frameworks */ = {isa = PBXBuildFile; fileRef = 2D5CB0AA1997827B00D7CB0A /* UIKit.framework */; };
		2D5CB0D01997827B00D7CB0A /* InfoPlist.strings in Resources */ = {isa = PBXBuildFile; fileRef = 2D5CB0CE1997827B00D7CB0A /* InfoPlist.strings */; };
		2D5CB0D21997827B00D7CB0A /* ______Tests.m in Sources */ = {isa = PBXBuildFile; fileRef = 2D5CB0D11997827B00D7CB0A /* ______Tests.m */; };
		2D5CB0DD1997B57200D7CB0A /* UIView+Extension.m in Sources */ = {isa = PBXBuildFile; fileRef = 2D5CB0DC1997B57200D7CB0A /* UIView+Extension.m */; };
/* End PBXBuildFile section */

/* Begin PBXContainerItemProxy section */
		2D5CB0C91997827B00D7CB0A /* PBXContainerItemProxy */ = {
			isa = PBXContainerItemProxy;
			containerPortal = 2D5CB09B1997827B00D7CB0A /* Project object */;
			proxyType = 1;
			remoteGlobalIDString = 2D5CB0A21997827B00D7CB0A;
			remoteInfo = "备课-加速计";
		};
/* End PBXContainerItemProxy section */

/* Begin PBXFileReference section */
		2D5CB0A31997827B00D7CB0A /* 备课-加速计.app */ = {isa = PBXFileReference; explicitFileType = wrapper.application; includeInIndex = 0; path = "备课-加速计.app"; sourceTree = BUILT_PRODUCTS_DIR; };
		2D5CB0A61997827B00D7CB0A /* Foundation.framework */ = {isa = PBXFileReference; lastKnownFileType = wrapper.framework; name = Foundation.framework; path = System/Library/Frameworks/Foundation.framework; sourceTree = SDKROOT; };
		2D5CB0A81997827B00D7CB0A /* CoreGraphics.framework */ = {isa = PBXFileReference; lastKnownFileType = wrapper.framework; name = CoreGraphics.framework; path = System/Library/Frameworks/CoreGraphics.framework; sourceTree = SDKROOT; };
		2D5CB0AA1997827B00D7CB0A /* UIKit.framework */ = {isa = PBXFileReference; lastKnownFileType = wrapper.framework; name = UIKit.framework; path = System/Library/Frameworks/UIKit.framework; sourceTree = SDKROOT; };
		2D5CB0AE1997827B00D7CB0A /* 备课-加速计-Info.plist */ = {isa = PBXFileReference; lastKnownFileType = text.plist.xml; path = "备课-加速计-Info.plist"; sourceTree = "<group>"; };
		2D5CB0B01997827B00D7CB0A /* en */ = {isa = PBXFileReference; lastKnownFileType = text.plist.strings; name = en; path = en.lproj/InfoPlist.strings; sourceTree = "<group>"; };
		2D5CB0B21997827B00D7CB0A /* main.m */ = {isa = PBXFileReference; lastKnownFileType = sourcecode.c.objc; path = main.m; sourceTree = "<group>"; };
		2D5CB0B41997827B00D7CB0A /* 备课-加速计-Prefix.pch */ = {isa = PBXFileReference; lastKnownFileType = sourcecode.c.h; path = "备课-加速计-Prefix.pch"; sourceTree = "<group>"; };
		2D5CB0B51997827B00D7CB0A /* MJAppDelegate.h */ = {isa = PBXFileReference; lastKnownFileType = sourcecode.c.h; path = MJAppDelegate.h; sourceTree = "<group>"; };
		2D5CB0B61997827B00D7CB0A /* MJAppDelegate.m */ = {isa = PBXFileReference; lastKnownFileType = sourcecode.c.objc; path = MJAppDelegate.m; sourceTree = "<group>"; };
		2D5CB0B91997827B00D7CB0A /* Base */ = {isa = PBXFileReference; lastKnownFileType = file.storyboard; name = Base; path = Base.lproj/Main.storyboard; sourceTree = "<group>"; };
		2D5CB0BB1997827B00D7CB0A /* MJViewController.h */ = {isa = PBXFileReference; lastKnownFileType = sourcecode.c.h; path = MJViewController.h; sourceTree = "<group>"; };
		2D5CB0BC1997827B00D7CB0A /* MJViewController.m */ = {isa = PBXFileReference; lastKnownFileType = sourcecode.c.objc; path = MJViewController.m; sourceTree = "<group>"; };
		2D5CB0BE1997827B00D7CB0A /* Images.xcassets */ = {isa = PBXFileReference; lastKnownFileType = folder.assetcatalog; path = Images.xcassets; sourceTree = "<group>"; };
		2D5CB0C41997827B00D7CB0A /* 备课-加速计Tests.xctest */ = {isa = PBXFileReference; explicitFileType = wrapper.cfbundle; includeInIndex = 0; path = "备课-加速计Tests.xctest"; sourceTree = BUILT_PRODUCTS_DIR; };
		2D5CB0C51997827B00D7CB0A /* XCTest.framework */ = {isa = PBXFileReference; lastKnownFileType = wrapper.framework; name = XCTest.framework; path = Library/Frameworks/XCTest.framework; sourceTree = DEVELOPER_DIR; };
		2D5CB0CD1997827B00D7CB0A /* 备课-加速计Tests-Info.plist */ = {isa = PBXFileReference; lastKnownFileType = text.plist.xml; path = "备课-加速计Tests-Info.plist"; sourceTree = "<group>"; };
		2D5CB0CF1997827B00D7CB0A /* en */ = {isa = PBXFileReference; lastKnownFileType = text.plist.strings; name = en; path = en.lproj/InfoPlist.strings; sourceTree = "<group>"; };
		2D5CB0D11997827B00D7CB0A /* ______Tests.m */ = {isa = PBXFileReference; lastKnownFileType = sourcecode.c.objc; path = "______Tests.m"; sourceTree = "<group>"; };
		2D5CB0DB1997B57200D7CB0A /* UIView+Extension.h */ = {isa = PBXFileReference; fileEncoding = 4; lastKnownFileType = sourcecode.c.h; path = "UIView+Extension.h"; sourceTree = "<group>"; };
		2D5CB0DC1997B57200D7CB0A /* UIView+Extension.m */ = {isa = PBXFileReference; fileEncoding = 4; lastKnownFileType = sourcecode.c.objc; path = "UIView+Extension.m"; sourceTree = "<group>"; };
/* End PBXFileReference section */

/* Begin PBXFrameworksBuildPhase section */
		2D5CB0A01997827B00D7CB0A /* Frameworks */ = {
			isa = PBXFrameworksBuildPhase;
			buildActionMask = 2147483647;
			files = (
				2D5CB0A91997827B00D7CB0A /* CoreGraphics.framework in Frameworks */,
				2D5CB0AB1997827B00D7CB0A /* UIKit.framework in Frameworks */,
				2D5CB0A71997827B00D7CB0A /* Foundation.framework in Frameworks */,
			);
			runOnlyForDeploymentPostprocessing = 0;
		};
		2D5CB0C11997827B00D7CB0A /* Frameworks */ = {
			isa = PBXFrameworksBuildPhase;
			buildActionMask = 2147483647;
			files = (
				2D5CB0C61997827B00D7CB0A /* XCTest.framework in Frameworks */,
				2D5CB0C81997827B00D7CB0A /* UIKit.framework in Frameworks */,
				2D5CB0C71997827B00D7CB0A /* Foundation.framework in Frameworks */,
			);
			runOnlyForDeploymentPostprocessing = 0;
		};
/* End PBXFrameworksBuildPhase section */

/* Begin PBXGroup section */
		2D5CB09A1997827B00D7CB0A = {
			isa = PBXGroup;
			children = (
				2D5CB0AC1997827B00D7CB0A /* 备课-加速计 */,
				2D5CB0CB1997827B00D7CB0A /* 备课-加速计Tests */,
				2D5CB0A51997827B00D7CB0A /* Frameworks */,
				2D5CB0A41997827B00D7CB0A /* Products */,
			);
			sourceTree = "<group>";
		};
		2D5CB0A41997827B00D7CB0A /* Products */ = {
			isa = PBXGroup;
			children = (
				2D5CB0A31997827B00D7CB0A /* 备课-加速计.app */,
				2D5CB0C41997827B00D7CB0A /* 备课-加速计Tests.xctest */,
			);
			name = Products;
			sourceTree = "<group>";
		};
		2D5CB0A51997827B00D7CB0A /* Frameworks */ = {
			isa = PBXGroup;
			children = (
				2D5CB0A61997827B00D7CB0A /* Foundation.framework */,
				2D5CB0A81997827B00D7CB0A /* CoreGraphics.framework */,
				2D5CB0AA1997827B00D7CB0A /* UIKit.framework */,
				2D5CB0C51997827B00D7CB0A /* XCTest.framework */,
			);
			name = Frameworks;
			sourceTree = "<group>";
		};
		2D5CB0AC1997827B00D7CB0A /* 备课-加速计 */ = {
			isa = PBXGroup;
			children = (
				2D5CB0DB1997B57200D7CB0A /* UIView+Extension.h */,
				2D5CB0DC1997B57200D7CB0A /* UIView+Extension.m */,
				2D5CB0B51997827B00D7CB0A /* MJAppDelegate.h */,
				2D5CB0B61997827B00D7CB0A /* MJAppDelegate.m */,
				2D5CB0B81997827B00D7CB0A /* Main.storyboard */,
				2D5CB0BB1997827B00D7CB0A /* MJViewController.h */,
				2D5CB0BC1997827B00D7CB0A /* MJViewController.m */,
				2D5CB0BE1997827B00D7CB0A /* Images.xcassets */,
				2D5CB0AD1997827B00D7CB0A /* Supporting Files */,
			);
			path = "备课-加速计";
			sourceTree = "<group>";
		};
		2D5CB0AD1997827B00D7CB0A /* Supporting Files */ = {
			isa = PBXGroup;
			children = (
				2D5CB0AE1997827B00D7CB0A /* 备课-加速计-Info.plist */,
				2D5CB0AF1997827B00D7CB0A /* InfoPlist.strings */,
				2D5CB0B21997827B00D7CB0A /* main.m */,
				2D5CB0B41997827B00D7CB0A /* 备课-加速计-Prefix.pch */,
			);
			name = "Supporting Files";
			sourceTree = "<group>";
		};
		2D5CB0CB1997827B00D7CB0A /* 备课-加速计Tests */ = {
			isa = PBXGroup;
			children = (
				2D5CB0D11997827B00D7CB0A /* ______Tests.m */,
				2D5CB0CC1997827B00D7CB0A /* Supporting Files */,
			);
			path = "备课-加速计Tests";
			sourceTree = "<group>";
		};
		2D5CB0CC1997827B00D7CB0A /* Supporting Files */ = {
			isa = PBXGroup;
			children = (
				2D5CB0CD1997827B00D7CB0A /* 备课-加速计Tests-Info.plist */,
				2D5CB0CE1997827B00D7CB0A /* InfoPlist.strings */,
			);
			name = "Supporting Files";
			sourceTree = "<group>";
		};
/* End PBXGroup section */

/* Begin PBXNativeTarget section */
		2D5CB0A21997827B00D7CB0A /* 备课-加速计 */ = {
			isa = PBXNativeTarget;
			buildConfigurationList = 2D5CB0D51997827B00D7CB0A /* Build configuration list for PBXNativeTarget "备课-加速计" */;
			buildPhases = (
				2D5CB09F1997827B00D7CB0A /* Sources */,
				2D5CB0A01997827B00D7CB0A /* Frameworks */,
				2D5CB0A11997827B00D7CB0A /* Resources */,
			);
			buildRules = (
			);
			dependencies = (
			);
			name = "备课-加速计";
			productName = "备课-加速计";
			productReference = 2D5CB0A31997827B00D7CB0A /* 备课-加速计.app */;
			productType = "com.apple.product-type.application";
		};
		2D5CB0C31997827B00D7CB0A /* 备课-加速计Tests */ = {
			isa = PBXNativeTarget;
			buildConfigurationList = 2D5CB0D81997827B00D7CB0A /* Build configuration list for PBXNativeTarget "备课-加速计Tests" */;
			buildPhases = (
				2D5CB0C01997827B00D7CB0A /* Sources */,
				2D5CB0C11997827B00D7CB0A /* Frameworks */,
				2D5CB0C21997827B00D7CB0A /* Resources */,
			);
			buildRules = (
			);
			dependencies = (
				2D5CB0CA1997827B00D7CB0A /* PBXTargetDependency */,
			);
			name = "备课-加速计Tests";
			productName = "备课-加速计Tests";
			productReference = 2D5CB0C41997827B00D7CB0A /* 备课-加速计Tests.xctest */;
			productType = "com.apple.product-type.bundle.unit-test";
		};
/* End PBXNativeTarget section */

/* Begin PBXProject section */
		2D5CB09B1997827B00D7CB0A /* Project object */ = {
			isa = PBXProject;
			attributes = {
				CLASSPREFIX = MJ;
				LastUpgradeCheck = 0510;
				ORGANIZATIONNAME = itcast;
				TargetAttributes = {
					2D5CB0A21997827B00D7CB0A = {
						DevelopmentTeam = P83R7NS33U;
					};
					2D5CB0C31997827B00D7CB0A = {
						TestTargetID = 2D5CB0A21997827B00D7CB0A;
					};
				};
			};
			buildConfigurationList = 2D5CB09E1997827B00D7CB0A /* Build configuration list for PBXProject "备课-加速计" */;
			compatibilityVersion = "Xcode 3.2";
			developmentRegion = English;
			hasScannedForEncodings = 0;
			knownRegions = (
				en,
				Base,
			);
			mainGroup = 2D5CB09A1997827B00D7CB0A;
			productRefGroup = 2D5CB0A41997827B00D7CB0A /* Products */;
			projectDirPath = "";
			projectRoot = "";
			targets = (
				2D5CB0A21997827B00D7CB0A /* 备课-加速计 */,
				2D5CB0C31997827B00D7CB0A /* 备课-加速计Tests */,
			);
		};
/* End PBXProject section */

/* Begin PBXResourcesBuildPhase section */
		2D5CB0A11997827B00D7CB0A /* Resources */ = {
			isa = PBXResourcesBuildPhase;
			buildActionMask = 2147483647;
			files = (
				2D5CB0BF1997827B00D7CB0A /* Images.xcassets in Resources */,
				2D5CB0B11997827B00D7CB0A /* InfoPlist.strings in Resources */,
				2D5CB0BA1997827B00D7CB0A /* Main.storyboard in Resources */,
			);
			runOnlyForDeploymentPostprocessing = 0;
		};
		2D5CB0C21997827B00D7CB0A /* Resources */ = {
			isa = PBXResourcesBuildPhase;
			buildActionMask = 2147483647;
			files = (
				2D5CB0D01997827B00D7CB0A /* InfoPlist.strings in Resources */,
			);
			runOnlyForDeploymentPostprocessing = 0;
		};
/* End PBXResourcesBuildPhase section */

/* Begin PBXSourcesBuildPhase section */
		2D5CB09F1997827B00D7CB0A /* Sources */ = {
			isa = PBXSourcesBuildPhase;
			buildActionMask = 2147483647;
			files = (
				2D5CB0B31997827B00D7CB0A /* main.m in Sources */,
				2D5CB0BD1997827B00D7CB0A /* MJViewController.m in Sources */,
				2D5CB0DD1997B57200D7CB0A /* UIView+Extension.m in Sources */,
				2D5CB0B71997827B00D7CB0A /* MJAppDelegate.m in Sources */,
			);
			runOnlyForDeploymentPostprocessing = 0;
		};
		2D5CB0C01997827B00D7CB0A /* Sources */ = {
			isa = PBXSourcesBuildPhase;
			buildActionMask = 2147483647;
			files = (
				2D5CB0D21997827B00D7CB0A /* ______Tests.m in Sources */,
			);
			runOnlyForDeploymentPostprocessing = 0;
		};
/* End PBXSourcesBuildPhase section */

/* Begin PBXTargetDependency section */
		2D5CB0CA1997827B00D7CB0A /* PBXTargetDependency */ = {
			isa = PBXTargetDependency;
			target = 2D5CB0A21997827B00D7CB0A /* 备课-加速计 */;
			targetProxy = 2D5CB0C91997827B00D7CB0A /* PBXContainerItemProxy */;
		};
/* End PBXTargetDependency section */

/* Begin PBXVariantGroup section */
		2D5CB0AF1997827B00D7CB0A /* InfoPlist.strings */ = {
			isa = PBXVariantGroup;
			children = (
				2D5CB0B01997827B00D7CB0A /* en */,
			);
			name = InfoPlist.strings;
			sourceTree = "<group>";
		};
		2D5CB0B81997827B00D7CB0A /* Main.storyboard */ = {
			isa = PBXVariantGroup;
			children = (
				2D5CB0B91997827B00D7CB0A /* Base */,
			);
			name = Main.storyboard;
			sourceTree = "<group>";
		};
		2D5CB0CE1997827B00D7CB0A /* InfoPlist.strings */ = {
			isa = PBXVariantGroup;
			children = (
				2D5CB0CF1997827B00D7CB0A /* en */,
			);
			name = InfoPlist.strings;
			sourceTree = "<group>";
		};
/* End PBXVariantGroup section */

/* Begin XCBuildConfiguration section */
		2D5CB0D31997827B00D7CB0A /* Debug */ = {
			isa = XCBuildConfiguration;
			buildSettings = {
				ALWAYS_SEARCH_USER_PATHS = NO;
				CLANG_CXX_LANGUAGE_STANDARD = "gnu++0x";
				CLANG_CXX_LIBRARY = "libc++";
				CLANG_ENABLE_MODULES = YES;
				CLANG_ENABLE_OBJC_ARC = YES;
				CLANG_WARN_BOOL_CONVERSION = YES;
				CLANG_WARN_CONSTANT_CONVERSION = YES;
				CLANG_WARN_DIRECT_OBJC_ISA_USAGE = YES_ERROR;
				CLANG_WARN_EMPTY_BODY = YES;
				CLANG_WARN_ENUM_CONVERSION = YES;
				CLANG_WARN_INT_CONVERSION = YES;
				CLANG_WARN_OBJC_ROOT_CLASS = YES_ERROR;
				CLANG_WARN__DUPLICATE_METHOD_MATCH = YES;
				"CODE_SIGN_IDENTITY[sdk=iphoneos*]" = "iPhone Developer";
				COPY_PHASE_STRIP = NO;
				GCC_C_LANGUAGE_STANDARD = gnu99;
				GCC_DYNAMIC_NO_PIC = NO;
				GCC_OPTIMIZATION_LEVEL = 0;
				GCC_PREPROCESSOR_DEFINITIONS = (
					"DEBUG=1",
					"$(inherited)",
				);
				GCC_SYMBOLS_PRIVATE_EXTERN = NO;
				GCC_WARN_64_TO_32_BIT_CONVERSION = YES;
				GCC_WARN_ABOUT_RETURN_TYPE = YES_ERROR;
				GCC_WARN_UNDECLARED_SELECTOR = YES;
				GCC_WARN_UNINITIALIZED_AUTOS = YES_AGGRESSIVE;
				GCC_WARN_UNUSED_FUNCTION = YES;
				GCC_WARN_UNUSED_VARIABLE = YES;
				IPHONEOS_DEPLOYMENT_TARGET = 7.1;
				ONLY_ACTIVE_ARCH = YES;
				SDKROOT = iphoneos;
			};
			name = Debug;
		};
		2D5CB0D41997827B00D7CB0A /* Release */ = {
			isa = XCBuildConfiguration;
			buildSettings = {
				ALWAYS_SEARCH_USER_PATHS = NO;
				CLANG_CXX_LANGUAGE_STANDARD = "gnu++0x";
				CLANG_CXX_LIBRARY = "libc++";
				CLANG_ENABLE_MODULES = YES;
				CLANG_ENABLE_OBJC_ARC = YES;
				CLANG_WARN_BOOL_CONVERSION = YES;
				CLANG_WARN_CONSTANT_CONVERSION = YES;
				CLANG_WARN_DIRECT_OBJC_ISA_USAGE = YES_ERROR;
				CLANG_WARN_EMPTY_BODY = YES;
				CLANG_WARN_ENUM_CONVERSION = YES;
				CLANG_WARN_INT_CONVERSION = YES;
				CLANG_WARN_OBJC_ROOT_CLASS = YES_ERROR;
				CLANG_WARN__DUPLICATE_METHOD_MATCH = YES;
				"CODE_SIGN_IDENTITY[sdk=iphoneos*]" = "iPhone Developer";
				COPY_PHASE_STRIP = YES;
				ENABLE_NS_ASSERTIONS = NO;
				GCC_C_LANGUAGE_STANDARD = gnu99;
				GCC_WARN_64_TO_32_BIT_CONVERSION = YES;
				GCC_WARN_ABOUT_RETURN_TYPE = YES_ERROR;
				GCC_WARN_UNDECLARED_SELECTOR = YES;
				GCC_WARN_UNINITIALIZED_AUTOS = YES_AGGRESSIVE;
				GCC_WARN_UNUSED_FUNCTION = YES;
				GCC_WARN_UNUSED_VARIABLE = YES;
				IPHONEOS_DEPLOYMENT_TARGET = 7.1;
				SDKROOT = iphoneos;
				VALIDATE_PRODUCT = YES;
			};
			name = Release;
		};
		2D5CB0D61997827B00D7CB0A /* Debug */ = {
			isa = XCBuildConfiguration;
			buildSettings = {
				ASSETCATALOG_COMPILER_APPICON_NAME = AppIcon;
				ASSETCATALOG_COMPILER_LAUNCHIMAGE_NAME = LaunchImage;
				DEVELOPMENT_TEAM = P83R7NS33U;
				GCC_PRECOMPILE_PREFIX_HEADER = YES;
				GCC_PREFIX_HEADER = "备课-加速计/备课-加速计-Prefix.pch";
				INFOPLIST_FILE = "备课-加速计/备课-加速计-Info.plist";
				PRODUCT_NAME = "$(TARGET_NAME)";
				WRAPPER_EXTENSION = app;
			};
			name = Debug;
		};
		2D5CB0D71997827B00D7CB0A /* Release */ = {
			isa = XCBuildConfiguration;
			buildSettings = {
				ASSETCATALOG_COMPILER_APPICON_NAME = AppIcon;
				ASSETCATALOG_COMPILER_LAUNCHIMAGE_NAME = LaunchImage;
				DEVELOPMENT_TEAM = P83R7NS33U;
				GCC_PRECOMPILE_PREFIX_HEADER = YES;
				GCC_PREFIX_HEADER = "备课-加速计/备课-加速计-Prefix.pch";
				INFOPLIST_FILE = "备课-加速计/备课-加速计-Info.plist";
				PRODUCT_NAME = "$(TARGET_NAME)";
				WRAPPER_EXTENSION = app;
			};
			name = Release;
		};
		2D5CB0D91997827B00D7CB0A /* Debug */ = {
			isa = XCBuildConfiguration;
			buildSettings = {
				BUNDLE_LOADER = "$(BUILT_PRODUCTS_DIR)/备课-加速计.app/备课-加速计";
				FRAMEWORK_SEARCH_PATHS = (
					"$(SDKROOT)/Developer/Library/Frameworks",
					"$(inherited)",
					"$(DEVELOPER_FRAMEWORKS_DIR)",
				);
				GCC_PRECOMPILE_PREFIX_HEADER = YES;
				GCC_PREFIX_HEADER = "备课-加速计/备课-加速计-Prefix.pch";
				GCC_PREPROCESSOR_DEFINITIONS = (
					"DEBUG=1",
					"$(inherited)",
				);
				INFOPLIST_FILE = "备课-加速计Tests/备课-加速计Tests-Info.plist";
				PRODUCT_NAME = "$(TARGET_NAME)";
				TEST_HOST = "$(BUNDLE_LOADER)";
				WRAPPER_EXTENSION = xctest;
			};
			name = Debug;
		};
		2D5CB0DA1997827B00D7CB0A /* Release */ = {
			isa = XCBuildConfiguration;
			buildSettings = {
				BUNDLE_LOADER = "$(BUILT_PRODUCTS_DIR)/备课-加速计.app/备课-加速计";
				FRAMEWORK_SEARCH_PATHS = (
					"$(SDKROOT)/Developer/Library/Frameworks",
					"$(inherited)",
					"$(DEVELOPER_FRAMEWORKS_DIR)",
				);
				GCC_PRECOMPILE_PREFIX_HEADER = YES;
				GCC_PREFIX_HEADER = "备课-加速计/备课-加速计-Prefix.pch";
				INFOPLIST_FILE = "备课-加速计Tests/备课-加速计Tests-Info.plist";
				PRODUCT_NAME = "$(TARGET_NAME)";
				TEST_HOST = "$(BUNDLE_LOADER)";
				WRAPPER_EXTENSION = xctest;
			};
			name = Release;
		};
/* End XCBuildConfiguration section */

/* Begin XCConfigurationList section */
		2D5CB09E1997827B00D7CB0A /* Build configuration list for PBXProject "备课-加速计" */ = {
			isa = XCConfigurationList;
			buildConfigurations = (
				2D5CB0D31997827B00D7CB0A /* Debug */,
				2D5CB0D41997827B00D7CB0A /* Release */,
			);
			defaultConfigurationIsVisible = 0;
			defaultConfigurationName = Release;
		};
		2D5CB0D51997827B00D7CB0A /* Build configuration list for PBXNativeTarget "备课-加速计" */ = {
			isa = XCConfigurationList;
			buildConfigurations = (
				2D5CB0D61997827B00D7CB0A /* Debug */,
				2D5CB0D71997827B00D7CB0A /* Release */,
			);
			defaultConfigurationIsVisible = 0;
			defaultConfigurationName = Release;
		};
		2D5CB0D81997827B00D7CB0A /* Build configuration list for PBXNativeTarget "备课-加速计Tests" */ = {
			isa = XCConfigurationList;
			buildConfigurations = (
				2D5CB0D91997827B00D7CB0A /* Debug */,
				2D5CB0DA1997827B00D7CB0A /* Release */,
			);
			defaultConfigurationIsVisible = 0;
			defaultConfigurationName = Release;
		};
/* End XCConfigurationList section */
	};
	rootObject = 2D5CB09B1997827B00D7CB0A /* Project object */;
}
